# Generated by conda-lock.
# platform: osx-64
# input_hash: 33639c368e9e4b626a58554b985e3b8434590cd93aaf54a771be25b08e324e4d
@EXPLICIT
https://conda.anaconda.org/conda-forge/noarch/_r-mutex-1.0.1-anacondar_1.tar.bz2#19f9db5f4f1b7f5ef5f6d67207f25f38
https://conda.anaconda.org/conda-forge/osx-64/ca-certificates-2024.8.30-h8857fd0_0.conda#b7e5424e7f06547a903d28e4651dbb21
https://conda.anaconda.org/conda-forge/osx-64/dart-sass-1.58.3-h694c41f_1.conda#5151299fff69a62e792c79d1b726a470
https://conda.anaconda.org/conda-forge/osx-64/esbuild-0.24.0-h694c41f_0.conda#ed8675524721c7bfb14bb3d92e7ef9cb
https://conda.anaconda.org/conda-forge/noarch/font-ttf-dejavu-sans-mono-2.37-hab24e00_0.tar.bz2#0c96522c6bdaed4b1566d11387caaf45
https://conda.anaconda.org/conda-forge/noarch/font-ttf-inconsolata-3.000-h77eed37_0.tar.bz2#34893075a5c9e55cdafac56607368fc6
https://conda.anaconda.org/conda-forge/noarch/font-ttf-source-code-pro-2.038-h77eed37_0.tar.bz2#4d59c254e01d9cde7957100457e2d5fb
https://conda.anaconda.org/conda-forge/noarch/font-ttf-ubuntu-0.83-h77eed37_3.conda#49023d73832ef61042f6a237cb2687e7
https://conda.anaconda.org/conda-forge/osx-64/fribidi-1.0.10-hbcb3906_0.tar.bz2#f1c6b41e0f56998ecd9a3e210faa1dc0
https://conda.anaconda.org/conda-forge/osx-64/libev-4.33-h10d778d_2.conda#899db79329439820b7e8f8de41bca902
https://conda.anaconda.org/conda-forge/osx-64/libffi-3.4.2-h0d85af4_5.tar.bz2#ccb34fb14960ad8b125962d3d79b31a9
https://conda.anaconda.org/conda-forge/noarch/libgfortran-devel_osx-64-13.2.0-h80d4556_3.conda#3a689f0d733e67828ad00eac5f3cf26e
https://conda.anaconda.org/conda-forge/osx-64/libiconv-1.17-hd75f5a5_2.conda#6c3628d047e151efba7cf08c5e54d1ca
https://conda.anaconda.org/conda-forge/osx-64/libjpeg-turbo-3.0.0-h0dc2134_1.conda#72507f8e3961bc968af17435060b6dd6
https://conda.anaconda.org/conda-forge/osx-64/libwebp-base-1.4.0-h10d778d_0.conda#b2c0047ea73819d992484faacbbe1c24
https://conda.anaconda.org/conda-forge/osx-64/lzo-2.10-h10d778d_1001.conda#bfecd73e4a2dc18ffd5288acf8a212ab
https://conda.anaconda.org/conda-forge/osx-64/pandoc-3.2-h694c41f_0.conda#e2c54cad9c955434dbfe89fc655e516d
https://conda.anaconda.org/conda-forge/noarch/pybind11-abi-4-hd8ed1ab_3.tar.bz2#878f923dd6acc8aeb47a75da6c4098be
https://conda.anaconda.org/conda-forge/osx-64/python_abi-3.12-5_cp312.conda#c34dd4920e0addf7cfcc725809f25d8e
https://conda.anaconda.org/conda-forge/osx-64/typst-0.11.0-h11a7dfb_0.conda#ec223d03456b9eedef3b2ee5af215904
https://conda.anaconda.org/conda-forge/noarch/tzdata-2024b-hc8b5060_0.conda#8ac3367aafb1cc0a068483c580af8015
https://conda.anaconda.org/conda-forge/osx-64/yaml-0.2.5-h0d85af4_2.tar.bz2#d7e08fcf8259d742156188e8762b4d20
https://conda.anaconda.org/conda-forge/osx-64/bzip2-1.0.8-hfdf4475_7.conda#7ed4301d437b59045be7e051a0308211
https://conda.anaconda.org/conda-forge/osx-64/c-ares-1.34.3-hf13058a_1.conda#7d8083876d71fe1316fc18369ee0dc58
https://conda.anaconda.org/conda-forge/osx-64/deno-1.41.0-h86af993_0.conda#361c906c5c3c883956ebb7fa360908d0
https://conda.anaconda.org/conda-forge/noarch/fonts-conda-forge-1-0.tar.bz2#f766549260d6815b0c52253f1fb1bb29
https://conda.anaconda.org/conda-forge/osx-64/icu-75.1-h120a0e1_0.conda#d68d48a3060eb5abdc1cdc8e2a3a5966
https://conda.anaconda.org/conda-forge/osx-64/libcxx-19.1.5-hf95d169_0.conda#a20d4ea6839510372d1eeb8532b09acf
https://conda.anaconda.org/conda-forge/osx-64/libdeflate-1.22-h00291cd_0.conda#a15785ccc62ae2a8febd299424081efb
https://conda.anaconda.org/conda-forge/osx-64/libexpat-2.6.4-h240833e_0.conda#20307f4049a735a78a29073be1be2626
https://conda.anaconda.org/conda-forge/osx-64/libintl-0.22.5-hdfe23c8_3.conda#52d4d643ed26c07599736326c46bf12f
https://conda.anaconda.org/conda-forge/osx-64/liblzma-5.6.3-hd471939_1.conda#f9e9205fed9c664421c1c09f0b90ce6d
https://conda.anaconda.org/conda-forge/osx-64/libzlib-1.3.1-hd23fc13_2.conda#003a54a4e32b02f7355b50a837e699da
https://conda.anaconda.org/conda-forge/osx-64/llvm-openmp-19.1.5-ha54dae1_0.conda#fc0cec628a431e2f87d09e83a3a579e1
https://conda.anaconda.org/conda-forge/osx-64/make-4.4.1-h00291cd_2.conda#59b4ad97bbb36ef5315500d5bde4bcfc
https://conda.anaconda.org/conda-forge/osx-64/ncurses-6.5-hf036a51_1.conda#e102bbf8a6ceeaf429deab8032fc8977
https://conda.anaconda.org/conda-forge/osx-64/openssl-3.4.0-hd471939_0.conda#ec99d2ce0b3033a75cbad01bbc7c5b71
https://conda.anaconda.org/conda-forge/osx-64/reproc-14.2.5.post0-h6e16a3a_0.conda#eda18d4a7dce3831016086a482965345
https://conda.anaconda.org/conda-forge/osx-64/deno-dom-0.1.35-h08cba0f_1.conda#a066a401b756000c623b09113f59f9c1
https://conda.anaconda.org/conda-forge/osx-64/fmt-11.0.2-h3c5361c_0.conda#e8070546e8739040383f6774e0cd4033
https://conda.anaconda.org/conda-forge/noarch/fonts-conda-ecosystem-1-0.tar.bz2#fee5683a3f04bd15cbd8318b096a27ab
https://conda.anaconda.org/conda-forge/osx-64/gmp-6.3.0-hf036a51_2.conda#427101d13f19c4974552a4e5b072eef1
https://conda.anaconda.org/conda-forge/osx-64/graphite2-1.3.13-h73e2aa4_1003.conda#fc7124f86e1d359fc5d878accd9e814c
https://conda.anaconda.org/conda-forge/osx-64/isl-0.26-imath32_h2e86a7b_101.conda#d06222822a9144918333346f145b68c6
https://conda.anaconda.org/conda-forge/osx-64/lerc-4.0.0-hb486fe8_0.tar.bz2#f9d6a4c82889d5ecedec1d90eb673c55
https://conda.anaconda.org/conda-forge/osx-64/libcxx-devel-19.1.5-h7c275be_0.conda#6e55388d2c005f359f9ff99c5eb32f3e
https://conda.anaconda.org/conda-forge/osx-64/libedit-3.1.20191231-h0678c8f_2.tar.bz2#6016a8a1d0e63cac3de2c352cd40208b
https://conda.anaconda.org/conda-forge/osx-64/libgfortran5-13.2.0-h2873a65_3.conda#e4fb4d23ec2870ff3c40d10afe305aec
https://conda.anaconda.org/conda-forge/osx-64/liblzma-devel-5.6.3-hd471939_1.conda#370a48ecf97500fa1e92d49e55de3153
https://conda.anaconda.org/conda-forge/osx-64/libnghttp2-1.64.0-hc7306c3_0.conda#ab21007194b97beade22ceb7a3f6fee5
https://conda.anaconda.org/conda-forge/osx-64/libpng-1.6.44-h4b8f8c9_0.conda#f32ac2c8dd390dbf169f550887ed09d9
https://conda.anaconda.org/conda-forge/osx-64/libsolv-0.7.30-h69d5d9b_0.conda#8f8fd9f1740c8cb7dcfebf1a1ed7e678
https://conda.anaconda.org/conda-forge/osx-64/libsqlite-3.47.2-hdb6dae5_0.conda#44d9799fda97eb34f6d88ac1e3eb0ea6
https://conda.anaconda.org/conda-forge/osx-64/libssh2-1.11.1-h3dc7d44_0.conda#b1caec4561059e43a5d056684c5a2de0
https://conda.anaconda.org/conda-forge/osx-64/libxml2-2.13.5-hebb159f_1.conda#23c629eba5239465a34bca0ed9c0b5d3
https://conda.anaconda.org/conda-forge/osx-64/lz4-c-1.10.0-h240833e_1.conda#d6b9bd7e356abd7e3a633d59b753495a
https://conda.anaconda.org/conda-forge/osx-64/pcre2-10.44-h7634a1b_2.conda#58cde0663f487778bcd7a0c8daf50293
https://conda.anaconda.org/conda-forge/osx-64/pixman-0.44.2-h1fd1274_0.conda#9d3ed4c1a6e21051bf4ce53851acdc96
https://conda.anaconda.org/conda-forge/osx-64/readline-8.2-h9e318b2_1.conda#f17f77f2acf4d344734bda76829ce14e
https://conda.anaconda.org/conda-forge/osx-64/reproc-cpp-14.2.5.post0-h240833e_0.conda#420229341978751bd96faeced92c200e
https://conda.anaconda.org/conda-forge/osx-64/sigtool-0.1.3-h88f4db0_0.tar.bz2#fbfb84b9de9a6939cb165c02c69b1865
https://conda.anaconda.org/conda-forge/osx-64/tapi-1300.6.5-h390ca13_0.conda#c6ee25eb54accb3f1c8fc39203acfaf1
https://conda.anaconda.org/conda-forge/osx-64/tk-8.6.13-h1abcd95_1.conda#bf830ba5afc507c6232d4ef0fb1a882d
https://conda.anaconda.org/conda-forge/osx-64/xz-gpl-tools-5.6.3-h357f2ed_1.conda#a08d5c883e4c9df9b73afb623a3f94ab
https://conda.anaconda.org/conda-forge/osx-64/xz-tools-5.6.3-hd471939_1.conda#c3b85d24bddf7f6e9d8c917c6d300b43
https://conda.anaconda.org/conda-forge/osx-64/yaml-cpp-0.8.0-he965462_0.conda#1bb3addc859ed1338370da6e2996ef47
https://conda.anaconda.org/conda-forge/osx-64/zlib-1.3.1-hd23fc13_2.conda#c989e0295dcbdc08106fe5d9e935f0b9
https://conda.anaconda.org/conda-forge/osx-64/zstd-1.5.6-h915ae27_0.conda#4cb2cd56f039b129bb0e491c1164167e
https://conda.anaconda.org/conda-forge/osx-64/bwidget-1.10.1-h694c41f_0.conda#d708a59e033cba53362d324e54edcfd7
https://conda.anaconda.org/conda-forge/osx-64/freetype-2.12.1-h60636b9_2.conda#25152fce119320c980e5470e64834b50
https://conda.anaconda.org/conda-forge/osx-64/krb5-1.21.3-h37d8d59_0.conda#d4765c524b1d91567886bde656fb514b
https://conda.anaconda.org/conda-forge/osx-64/libarchive-3.7.7-h1a33361_3.conda#5cc55f063de099a537a56c4db2e8d58d
https://conda.anaconda.org/conda-forge/osx-64/libgfortran-5.0.0-13_2_0_h97931a8_3.conda#0b6e23a012ee7a9a5f6b244f5a92c1d5
https://conda.anaconda.org/conda-forge/osx-64/libglib-2.82.2-hb6ef654_0.conda#2e0511f82f1481210f148e1205fe2482
https://conda.anaconda.org/conda-forge/osx-64/libllvm19-19.1.5-hc29ff6c_0.conda#b1a052f149707e1de56e242f47213508
https://conda.anaconda.org/conda-forge/osx-64/libtiff-4.7.0-hf4bdac2_2.conda#99a4153a4ee19d4902c0c08bfae4cdb4
https://conda.anaconda.org/conda-forge/osx-64/mpfr-4.2.1-haed47dc_3.conda#d511e58aaaabfc23136880d9956fa7a6
https://conda.anaconda.org/conda-forge/osx-64/python-3.12.8-h9ccd52b_1_cpython.conda#68a31f9cfbdcab2a4baec79095374780
https://conda.anaconda.org/conda-forge/osx-64/quarto-1.5.57-h694c41f_1.conda#f3c51d792e4923e12cc7cf6a7c8141cb
https://conda.anaconda.org/conda-forge/osx-64/tktable-2.10-hba9d6f1_6.conda#37fbdac8967151ada2e588cafd46b4b2
https://conda.anaconda.org/conda-forge/osx-64/xz-5.6.3-h357f2ed_1.conda#5b8d1e12d8a51a553b59e0957ba08103
https://conda.anaconda.org/conda-forge/noarch/appdirs-1.4.4-pyhd8ed1ab_1.conda#f4e90937bbfc3a4a92539545a37bb448
https://conda.anaconda.org/conda-forge/noarch/archspec-0.2.3-pyhd8ed1ab_0.conda#192278292e20704f663b9c766909d67b
https://conda.anaconda.org/conda-forge/noarch/backports-1.0-pyhd8ed1ab_5.conda#767d508c1a67e02ae8f50e44cacfadb2
https://conda.anaconda.org/conda-forge/noarch/boltons-24.0.0-pyhd8ed1ab_1.conda#d88c38e66d85ecc9c7e2c4110676bbf4
https://conda.anaconda.org/conda-forge/osx-64/brotli-python-1.1.0-py312h5861a67_2.conda#b95025822e43128835826ec0cc45a551
https://conda.anaconda.org/conda-forge/noarch/cachy-0.3.0-pyhd8ed1ab_1.tar.bz2#5dfee17f24e2dfd18d7392b48c9351e2
https://conda.anaconda.org/conda-forge/noarch/certifi-2024.8.30-pyhd8ed1ab_0.conda#12f7d00853807b0531775e9be891cb11
https://conda.anaconda.org/conda-forge/noarch/charset-normalizer-3.4.0-pyhd8ed1ab_1.conda#6581a17bba6b948bb60130026404a9d6
https://conda.anaconda.org/conda-forge/noarch/click-8.1.7-unix_pyh707e725_1.conda#cb8e52f28f5e592598190c562e7b5bf1
https://conda.anaconda.org/conda-forge/noarch/colorama-0.4.6-pyhd8ed1ab_1.conda#962b9857ee8e7018c22f2776ffa0b2d7
https://conda.anaconda.org/conda-forge/noarch/crashtest-0.4.1-pyhd8ed1ab_1.conda#e036e2f76d9c9aebc12510ed23352b6c
https://conda.anaconda.org/conda-forge/noarch/distlib-0.3.9-pyhd8ed1ab_1.conda#8d88f4a2242e6b96f9ecff9a6a05b2f1
https://conda.anaconda.org/conda-forge/noarch/distro-1.9.0-pyhd8ed1ab_0.conda#bbdb409974cd6cb30071b1d978302726
https://conda.anaconda.org/conda-forge/noarch/filelock-3.16.1-pyhd8ed1ab_1.conda#d692e9ba6f92dc51484bf3477e36ce7c
https://conda.anaconda.org/conda-forge/osx-64/fontconfig-2.15.0-h37eeddb_1.conda#84ccec5ee37eb03dd352db0a3f89ada3
https://conda.anaconda.org/conda-forge/osx-64/frozendict-2.4.6-py312h3d0f464_0.conda#58a8d9e016adc22964bfb0b9a5272e16
https://conda.anaconda.org/conda-forge/noarch/idna-3.10-pyhd8ed1ab_1.conda#39a4f67be3286c86d696df570b1201b7
https://conda.anaconda.org/conda-forge/osx-64/jsonpointer-3.0.0-py312hb401068_1.conda#5dcf96bca4649d496d818a0f5cfb962e
https://conda.anaconda.org/conda-forge/osx-64/ld64_osx-64-951.9-h9d2de3d_2.conda#ec99a8623817e1da041323be05ed4f0c
https://conda.anaconda.org/conda-forge/osx-64/libclang-cpp19.1-19.1.5-default_h3571c67_0.conda#8d6d376e833eafc6bad9a47a27033fcb
https://conda.anaconda.org/conda-forge/osx-64/libcurl-8.11.1-h5dec5d8_0.conda#2f80e92674f4a92e9f8401494496ee62
https://conda.anaconda.org/conda-forge/osx-64/libopenblas-0.3.28-openmp_hbf64a52_1.conda#cd2c572c02a73b88c4d378eb31110e85
https://conda.anaconda.org/conda-forge/osx-64/llvm-tools-19-19.1.5-he90a8e3_0.conda#2703b72c2928ba38a4ec3f58878e57ad
https://conda.anaconda.org/conda-forge/osx-64/markupsafe-3.0.2-py312h3520af0_1.conda#32d6bc2407685d7e2d8db424f42018c6
https://conda.anaconda.org/conda-forge/osx-64/menuinst-2.2.0-py312hb401068_0.conda#4b908217561a1274f48b0f9952fb5359
https://conda.anaconda.org/conda-forge/noarch/more-itertools-10.5.0-pyhd8ed1ab_1.conda#206f67a1eccc290e5679bb793c3eb17e
https://conda.anaconda.org/conda-forge/osx-64/mpc-1.3.1-h9d8efa1_1.conda#0520855aaae268ea413d6bc913f1384c
https://conda.anaconda.org/conda-forge/osx-64/msgpack-python-1.1.0-py312hc5c4d5f_0.conda#3448a4ca65790764c2f8d44d5f917f84
https://conda.anaconda.org/conda-forge/noarch/packaging-24.2-pyhd8ed1ab_2.conda#3bfed7e6228ebf2f7b9eaa47f1b4e2aa
https://conda.anaconda.org/conda-forge/noarch/pastel-0.2.1-pyhd8ed1ab_0.tar.bz2#a4eea5bff523f26442405bc5d1f52adb
https://conda.anaconda.org/conda-forge/noarch/pkginfo-1.12.0-pyhd8ed1ab_1.conda#b52da1d59d874c97dcca251757a368b3
https://conda.anaconda.org/conda-forge/noarch/platformdirs-4.3.6-pyhd8ed1ab_1.conda#577852c7e53901ddccc7e6a9959ddebe
https://conda.anaconda.org/conda-forge/noarch/pluggy-1.5.0-pyhd8ed1ab_1.conda#e9dcbce5f45f9ee500e728ae58b605b6
https://conda.anaconda.org/conda-forge/osx-64/pycosat-0.6.6-py312h01d7ebd_2.conda#9addc104aa4afd0b21a086cfdca253d5
https://conda.anaconda.org/conda-forge/noarch/pycparser-2.22-pyh29332c3_1.conda#12c566707c80111f9799308d9e265aef
https://conda.anaconda.org/conda-forge/noarch/pylev-1.4.0-pyhd8ed1ab_0.tar.bz2#edf8651c4379d9d1495ad6229622d150
https://conda.anaconda.org/conda-forge/noarch/pysocks-1.7.1-pyha55dd90_7.conda#461219d1a5bd61342293efa2c0c90eac
https://conda.anaconda.org/conda-forge/osx-64/pyyaml-6.0.2-py312hb553811_1.conda#66514594817d51c78db7109a23ad322f
https://conda.anaconda.org/conda-forge/osx-64/ruamel.yaml.clib-0.2.8-py312h3d0f464_1.conda#f4c0464f98dabcd65064e89991c3c9c2
https://conda.anaconda.org/conda-forge/noarch/setuptools-75.6.0-pyhff2d567_1.conda#fc80f7995e396cbaeabd23cf46c413dc
https://conda.anaconda.org/conda-forge/noarch/six-1.17.0-pyhd8ed1ab_0.conda#a451d576819089b0d672f18768be0f65
https://conda.anaconda.org/conda-forge/noarch/smmap-5.0.0-pyhd8ed1ab_0.tar.bz2#62f26a3d1387acee31322208f0cfa3e0
https://conda.anaconda.org/conda-forge/noarch/tomli-2.2.1-pyhd8ed1ab_1.conda#ac944244f1fed2eb49bae07193ae8215
https://conda.anaconda.org/conda-forge/noarch/tomlkit-0.13.2-pyha770c72_1.conda#1d9ab4fc875c52db83f9c9b40af4e2c8
https://conda.anaconda.org/conda-forge/noarch/toolz-0.12.1-pyhd8ed1ab_0.conda#2fcb582444635e2c402e8569bb94e039
https://conda.anaconda.org/conda-forge/noarch/truststore-0.10.0-pyhd8ed1ab_0.conda#ad1c20cd193e3044bcf17798c33b9d67
https://conda.anaconda.org/conda-forge/noarch/typing_extensions-4.12.2-pyha770c72_1.conda#d17f13df8b65464ca316cbc000a3cb64
https://conda.anaconda.org/conda-forge/noarch/webencodings-0.5.1-pyhd8ed1ab_3.conda#2841eb5bfc75ce15e9a0054b98dcd64d
https://conda.anaconda.org/conda-forge/noarch/zipp-3.21.0-pyhd8ed1ab_1.conda#0c3cc595284c5e8f0f9900a9b228a332
https://conda.anaconda.org/conda-forge/noarch/backports.tarfile-1.2.0-pyhd8ed1ab_1.conda#df837d654933488220b454c6a3b0fad6
https://conda.anaconda.org/conda-forge/osx-64/cairo-1.18.2-h950ec3b_1.conda#ae293443dff77ba14eab9e9ee68ec833
https://conda.anaconda.org/conda-forge/osx-64/cffi-1.17.1-py312hf857d28_0.conda#5bbc69b8194fedc2792e451026cac34f
https://conda.anaconda.org/conda-forge/osx-64/clang-19-19.1.5-default_h3571c67_0.conda#e8e7833146050f228a3a4505660422b3
https://conda.anaconda.org/conda-forge/noarch/click-default-group-1.2.4-pyhd8ed1ab_1.conda#7cd83dd6831b61ad9624a694e4afd7dc
https://conda.anaconda.org/conda-forge/noarch/clikit-0.6.2-pyhd8ed1ab_2.conda#02abb7b66b02e8b9f5a9b05454400087
https://conda.anaconda.org/conda-forge/osx-64/curl-8.11.1-h5dec5d8_0.conda#873775e8736217d8f4dffa87872023e5
https://conda.anaconda.org/conda-forge/osx-64/gfortran_impl_osx-64-13.2.0-h2bc304d_3.conda#57aa4cb95277a27aa0a1834ed97be45b
https://conda.anaconda.org/conda-forge/noarch/gitdb-4.0.11-pyhd8ed1ab_1.conda#9d3a3c39dd982332dab2aac113492013
https://conda.anaconda.org/conda-forge/noarch/html5lib-1.1-pyhd8ed1ab_2.conda#cf25bfddbd3bc275f3d3f9936cee1dd3
https://conda.anaconda.org/conda-forge/noarch/importlib-metadata-8.5.0-pyha770c72_1.conda#315607a3030ad5d5227e76e0733798ff
https://conda.anaconda.org/conda-forge/noarch/importlib_resources-6.4.5-pyhd8ed1ab_1.conda#15798fa69312d433af690c8c42b3fb36
https://conda.anaconda.org/conda-forge/noarch/jaraco.classes-3.4.0-pyhd8ed1ab_2.conda#ade6b25a6136661dadd1a43e4350b10b
https://conda.anaconda.org/conda-forge/noarch/jaraco.functools-4.1.0-pyhd8ed1ab_0.conda#eb257d223050a5a27f5fdf5c9debc8ec
https://conda.anaconda.org/conda-forge/noarch/jinja2-3.1.4-pyhd8ed1ab_1.conda#08cce3151bde4ecad7885bd9fb647532
https://conda.anaconda.org/conda-forge/noarch/jsonpatch-1.33-pyhd8ed1ab_1.conda#cb60ae9cf02b9fcb8004dec4089e5691
https://conda.anaconda.org/conda-forge/osx-64/libblas-3.9.0-25_osx64_openblas.conda#da0a6f87958893e1d2e2bbc7e7a6541f
https://conda.anaconda.org/conda-forge/osx-64/libmamba-1.5.11-hd41e4cc_0.conda#8fc43b0dc7197b567173f3f37bb4eaf6
https://conda.anaconda.org/conda-forge/osx-64/llvm-tools-19.1.5-h3fe3016_0.conda#644e9b0d42e64d58dc95abb3a2a0e7a7
https://conda.anaconda.org/conda-forge/osx-64/ruamel.yaml-0.18.6-py312h3d0f464_1.conda#54f228329acc295c90a1961871439f58
https://conda.anaconda.org/conda-forge/noarch/tqdm-4.67.1-pyhd8ed1ab_0.conda#4085c9db273a148e149c03627350e22c
https://conda.anaconda.org/conda-forge/noarch/typing-extensions-4.12.2-hd8ed1ab_1.conda#b6a408c64b78ec7b779a3e5c7a902433
https://conda.anaconda.org/conda-forge/noarch/urllib3-1.26.19-pyhd8ed1ab_0.conda#6bb37c314b3cc1515dcf086ffe01c46e
https://conda.anaconda.org/conda-forge/noarch/virtualenv-20.28.0-pyhd8ed1ab_0.conda#1d601bc1d28b5ce6d112b90f4b9b8ede
https://conda.anaconda.org/conda-forge/noarch/annotated-types-0.7.0-pyhd8ed1ab_1.conda#2934f256a8acfe48f6ebb4fce6cde29c
https://conda.anaconda.org/conda-forge/osx-64/cctools_osx-64-1010.6-hadbd6bd_2.conda#1761d0a1cedb06846016647558c546bf
https://conda.anaconda.org/conda-forge/osx-64/clang-19.1.5-default_h576c50e_0.conda#11b7e11d6f8746d567bf76d5405f1fd6
https://conda.anaconda.org/conda-forge/noarch/gitpython-3.1.43-pyhff2d567_1.conda#23867f6f9fcd2fb9e9ce6427addf01ae
https://conda.anaconda.org/conda-forge/osx-64/harfbuzz-9.0.0-h098a298_1.conda#8dd3c790d5ce9f3bc94c46e5b218e5f8
https://conda.anaconda.org/conda-forge/noarch/jaraco.context-6.0.1-pyhd8ed1ab_0.conda#bcc023a32ea1c44a790bbf1eae473486
https://conda.anaconda.org/conda-forge/osx-64/libcblas-3.9.0-25_osx64_openblas.conda#ab304b75ea67f850cf7adf9156e3f62f
https://conda.anaconda.org/conda-forge/osx-64/liblapack-3.9.0-25_osx64_openblas.conda#dda0e24b4605ebbd381e48606a107bed
https://conda.anaconda.org/conda-forge/osx-64/libmambapy-1.5.11-py312h0252a60_0.conda#1802866814f1d62c14c1500015da2009
https://conda.anaconda.org/conda-forge/osx-64/pydantic-core-2.27.1-py312h0d0de52_0.conda#e510fbc49c8057cfd2145e9deaabcb19
https://conda.anaconda.org/conda-forge/noarch/requests-2.32.3-pyhd8ed1ab_1.conda#a9b9368f3701a417eac9edbcae7cb737
https://conda.anaconda.org/conda-forge/osx-64/zstandard-0.23.0-py312h7122b0e_1.conda#bd132ba98f3fc0a6067f355f8efe4cb6
https://conda.anaconda.org/conda-forge/noarch/cachecontrol-0.14.1-pyha770c72_1.conda#b3b049a1447c3501a135a92dd35c0526
https://conda.anaconda.org/conda-forge/osx-64/clangxx-19.1.5-default_heb2e8d1_0.conda#763657d4e6a0aadd94e35cfa750ea266
https://conda.anaconda.org/conda-forge/noarch/compiler-rt_osx-64-19.1.5-hc6f8467_0.conda#788ad40e73777ecc8387cc9030c5d131
https://conda.anaconda.org/conda-forge/noarch/conda-package-streaming-0.11.0-pyhd8ed1ab_0.conda#bc9533d8616a97551ed144789bf9c1cd
https://conda.anaconda.org/conda-forge/noarch/ensureconda-1.4.4-pyhd8ed1ab_0.conda#e54a91c3a65491b13c68f7696425bac8
https://conda.anaconda.org/conda-forge/osx-64/gsl-2.7-h93259b0_0.tar.bz2#b4942b1ee2a52fd67f446074488d774d
https://conda.anaconda.org/conda-forge/noarch/keyring-25.5.0-pyh534df25_1.conda#339563eac6844e73dc51563da2604b53
https://conda.anaconda.org/conda-forge/osx-64/pango-1.54.0-hb83bde0_3.conda#a08306ba11b66596d245d95163e97583
https://conda.anaconda.org/conda-forge/noarch/pydantic-2.10.3-pyh3cfb1c2_0.conda#194ef7f91286978521350f171b117f01
https://conda.anaconda.org/conda-forge/noarch/cachecontrol-with-filecache-0.14.1-pyhd8ed1ab_1.conda#88f312072540464f2906ffe6b3cbbb6c
https://conda.anaconda.org/conda-forge/osx-64/compiler-rt-19.1.5-h52031e2_0.conda#84e277eacd7e301d892af27478186798
https://conda.anaconda.org/conda-forge/noarch/conda-package-handling-2.4.0-pyha770c72_1.conda#28b86d110bda4ef40e680d1afa9ddb1d
https://conda.anaconda.org/conda-forge/osx-64/clang_impl_osx-64-19.1.5-h7c3691e_23.conda#d0694802ec3c2da1e73aa06202b7f221
https://conda.anaconda.org/conda-forge/noarch/conda-lock-2.5.7-pyhd8ed1ab_0.conda#154d0c643be6a9ce6fbe655d007d8e4e
https://conda.anaconda.org/conda-forge/osx-64/clang_osx-64-19.1.5-h7e5c614_23.conda#6b388071221eb32ddaf6cdb6c924c43d
https://conda.anaconda.org/conda-forge/osx-64/clangxx_impl_osx-64-19.1.5-h1f7e832_23.conda#bfb37ab2cffe8ca98b41f2ed622ecf5f
https://conda.anaconda.org/conda-forge/osx-64/gfortran_osx-64-13.2.0-h18f7dce_1.conda#71d59c1ae3fea7a97154ff0e20b38df3
https://conda.anaconda.org/conda-forge/osx-64/clangxx_osx-64-19.1.5-h7e5c614_23.conda#ce824f42349c5ab11a3165bdbfa4bbf5
https://conda.anaconda.org/conda-forge/osx-64/r-base-4.1.3-hc29a992_16.conda#54e59e6e6e6a8ee719cfc328eafd9436
https://conda.anaconda.org/conda-forge/osx-64/r-cli-3.6.1-r41h49197e3_0.conda#5b29e4850c3aae4de848ccea5ebace8c
https://conda.anaconda.org/conda-forge/osx-64/r-colorspace-2.1_0-r41h815d134_0.conda#5a1683720ba389afaf2c3954b6e4ea32
https://conda.anaconda.org/conda-forge/noarch/r-crayon-1.5.2-r41hc72bb7e_1.tar.bz2#8cf94f6451aaadf3aa1119b29115b0c7
https://conda.anaconda.org/conda-forge/osx-64/r-fansi-1.0.4-r41h815d134_0.conda#110839726a2d603eda371c6183521b28
https://conda.anaconda.org/conda-forge/osx-64/r-farver-2.1.1-r41h49197e3_1.tar.bz2#1669af79e2e126e6d913484b7e2c9c31
https://conda.anaconda.org/conda-forge/noarch/r-generics-0.1.3-r41hc72bb7e_1.tar.bz2#91a23d57270d474ab35b970ab153bdf4
https://conda.anaconda.org/conda-forge/osx-64/r-glue-1.6.2-r41h815d134_1.tar.bz2#8d3c979f9edd64f242ba5f095117491f
https://conda.anaconda.org/conda-forge/osx-64/r-isoband-0.2.7-r41h49197e3_1.conda#efff05137f87c7bc1f40a4642d6254aa
https://conda.anaconda.org/conda-forge/noarch/r-labeling-0.4.2-r41hc72bb7e_2.tar.bz2#83807ad3d6daa0c5e88ad3f4e8df4758
https://conda.anaconda.org/conda-forge/osx-64/r-lattice-0.21_8-r41h815d134_0.conda#5caa4b152e0170e92e1bae27cbd77fa5
https://conda.anaconda.org/conda-forge/osx-64/r-magrittr-2.0.3-r41h815d134_1.tar.bz2#01a08f3651df7bf1cb96f0f28d3de70c
https://conda.anaconda.org/conda-forge/osx-64/r-mass-7.3_58.3-r41h815d134_0.conda#3c93a7e8b065ba60a37db4eb76c097f0
https://conda.anaconda.org/conda-forge/noarch/r-pkgconfig-2.0.3-r41hc72bb7e_2.tar.bz2#fceb80e453285589b08efe53174ebe22
https://conda.anaconda.org/conda-forge/noarch/r-r6-2.5.1-r41hc72bb7e_1.tar.bz2#04cf390ece28f6df5c096f78409a9b41
https://conda.anaconda.org/conda-forge/noarch/r-rcolorbrewer-1.1_3-r41h785f33e_1.tar.bz2#cf94059b05cc67854cb7e704ea751d7f
https://conda.anaconda.org/conda-forge/osx-64/r-rlang-1.1.1-r41hac7d2d5_0.conda#0b5f3a959d1e321ec95ce35fa2e58f64
https://conda.anaconda.org/conda-forge/osx-64/r-utf8-1.2.3-r41h815d134_0.conda#54fc5e9e067e9971819b5f5dfe9b959b
https://conda.anaconda.org/conda-forge/noarch/r-viridislite-0.4.1-r41hc72bb7e_1.tar.bz2#9fee3e06b7121f47a946b700ffedddc5
https://conda.anaconda.org/conda-forge/noarch/r-withr-2.5.0-r41hc72bb7e_1.tar.bz2#23c0e5a3dc9258b9a06928097560adba
https://conda.anaconda.org/conda-forge/osx-64/r-ellipsis-0.3.2-r41h815d134_1.tar.bz2#c12a36d94d19572e1f9f908274f103b1
https://conda.anaconda.org/conda-forge/noarch/r-lifecycle-1.0.3-r41hc72bb7e_1.tar.bz2#bed96e636722252c2a37c392c5994f9d
https://conda.anaconda.org/conda-forge/osx-64/r-matrix-1.5_4.1-r41hc46c21c_0.conda#08981a47af0fd81b776763461542eb9f
https://conda.anaconda.org/conda-forge/noarch/r-munsell-0.5.0-r41hc72bb7e_1005.tar.bz2#102b2cf348101fd85afda3b26460b0f3
https://conda.anaconda.org/conda-forge/osx-64/r-nlme-3.1_162-r41h1e4e481_0.conda#768000393f91de948b4f9f5fc6fa2f35
https://conda.anaconda.org/conda-forge/noarch/r-gtable-0.3.3-r41hc72bb7e_0.conda#f18da5771f11c05df08eed41095d56a5
https://conda.anaconda.org/conda-forge/osx-64/r-mgcv-1.8_42-r41h40f944a_0.conda#d185982189ae3b637b533e1831b2839a
https://conda.anaconda.org/conda-forge/noarch/r-scales-1.2.1-r41hc72bb7e_1.tar.bz2#2a557fcc9f60e56e788a6d1293bc8701
https://conda.anaconda.org/conda-forge/osx-64/r-vctrs-0.6.2-r41hac7d2d5_0.conda#1822e20cb0af90412f963737f558ecd4
https://conda.anaconda.org/conda-forge/noarch/r-pillar-1.9.0-r41hc72bb7e_0.conda#fb91965be4ce5aaf59db0452582f5cea
https://conda.anaconda.org/conda-forge/osx-64/r-tidyselect-1.2.0-r41hbe3e9c8_0.tar.bz2#7382f0da9bd64791852845dfb6a957a2
https://conda.anaconda.org/conda-forge/osx-64/r-tibble-3.2.1-r41h815d134_1.conda#9ef85905ed40855ce174904ccd3fe6f9
https://conda.anaconda.org/conda-forge/osx-64/r-dplyr-1.1.0-r41h49197e3_0.conda#909865e6145e8eeadd79a07df5d70c14
https://conda.anaconda.org/conda-forge/noarch/r-ggplot2-3.4.0-r41hc72bb7e_1.conda#ace1d925a60d22ae506542fa2801b245
https://conda.anaconda.org/conda-forge/osx-64/conda-24.11.0-py312hb401068_0.conda#59375bbe358ad0b651275ee1f9c2fff2
https://conda.anaconda.org/conda-forge/noarch/conda-libmamba-solver-24.9.0-pyhd8ed1ab_0.conda#45378d089c5f72c9c0d63d58414c645d
https://conda.anaconda.org/conda-forge/osx-64/mamba-1.5.11-py312ha12221d_0.conda#a2dd1ddad978be32d71cb9b8b9aa4efd
